<?xml version="1.0" encoding="utf-8"?>
<Project ToolsVersion="4.0" xmlns="http://schemas.microsoft.com/developer/msbuild/2003">
  <ItemGroup>
    <Filter Include="Source Files">
      <UniqueIdentifier>{4FC737F1-C7A5-4376-A066-2A32D752A2FF}</UniqueIdentifier>
      <Extensions>cpp;c;cc;cxx;def;odl;idl;hpj;bat;asm;asmx</Extensions>
    </Filter>
    <Filter Include="Resource Files">
      <UniqueIdentifier>{67DA6AB6-F800-4c08-8B7A-83BB121AAD01}</UniqueIdentifier>
      <Extensions>rc;ico;cur;bmp;dlg;rc2;rct;bin;rgs;gif;jpg;jpeg;jpe;resx;tiff;tif;png;wav;mfcribbon-ms</Extensions>
    </Filter>
    <Filter Include="Libraries">
      <UniqueIdentifier>{aff967a7-9c30-4944-8a8c-6d54888846bc}</UniqueIdentifier>
    </Filter>
    <Filter Include="Header Files">
      <UniqueIdentifier>{93995380-89BD-4b04-88EB-625FBE52EBFB}</UniqueIdentifier>
      <Extensions>h;hh;hpp;hxx;hm;inl;inc;xsd</Extensions>
    </Filter>
    <Filter Include="Libraries\DATA_STRUCTURES">
      <UniqueIdentifier>{7c4761b7-32dc-4de0-8373-de29701ce542}</UniqueIdentifier>
    </Filter>
  </ItemGroup>
  <ItemGroup>
    <ClCompile Include="main.cpp">
      <Filter>Source Files</Filter>
    </ClCompile>
    <ClCompile Include="..\Libraries\CAPTURE_MANAGER.cpp">
      <Filter>Libraries</Filter>
    </ClCompile>
    <ClCompile Include="..\Libraries\MPM_FLUID_SOLVER.cpp">
      <Filter>Libraries</Filter>
    </ClCompile>
    <ClCompile Include="..\Libraries\FIELD_DYNAMIC.cpp">
      <Filter>Libraries\DATA_STRUCTURES</Filter>
    </ClCompile>
  </ItemGroup>
  <ItemGroup>
    <ClInclude Include="..\Libraries\PARTICLE.h">
      <Filter>Libraries</Filter>
    </ClInclude>
    <ClInclude Include="..\Libraries\PARTICLE_MANAGER_3D.h">
      <Filter>Libraries</Filter>
    </ClInclude>
    <ClInclude Include="..\Libraries\TRACK_BALL_CONTROL.h">
      <Filter>Libraries</Filter>
    </ClInclude>
    <ClInclude Include="..\Libraries\MPM_FLUID_SOLVER.h">
      <Filter>Libraries</Filter>
    </ClInclude>
    <ClInclude Include="..\Libraries\KERNEL_FUNCTIONS.h">
      <Filter>Libraries</Filter>
    </ClInclude>
    <ClInclude Include="..\Libraries\WALL_CONDITIONS.h">
      <Filter>Libraries</Filter>
    </ClInclude>
    <ClInclude Include="..\Libraries\READ_WRITE_PNG.h">
      <Filter>Libraries</Filter>
    </ClInclude>
    <ClInclude Include="..\Libraries\CAPTURE_MANAGER.h">
      <Filter>Libraries</Filter>
    </ClInclude>
    <ClInclude Include="..\Libraries\FILE_UTILITIES.h">
      <Filter>Libraries</Filter>
    </ClInclude>
    <ClInclude Include="..\Libraries\GENERAL_MACRO.h">
      <Filter>Libraries</Filter>
    </ClInclude>
    <ClInclude Include="..\Libraries\MPM_WEIGHTS.h">
      <Filter>Libraries</Filter>
    </ClInclude>
    <ClInclude Include="..\Libraries\PARTICLE_WORLD_BUILDER.h">
      <Filter>Libraries</Filter>
    </ClInclude>
    <ClInclude Include="..\Libraries\PARTICLE_OBJECT.h">
      <Filter>Libraries</Filter>
    </ClInclude>
    <ClInclude Include="..\Libraries\MATH_DEFINITION.h">
      <Filter>Libraries</Filter>
    </ClInclude>
    <ClInclude Include="..\Libraries\MATH_CORE.h">
      <Filter>Libraries</Filter>
    </ClInclude>
    <ClInclude Include="..\Libraries\DATABASE_MANAGER.h">
      <Filter>Libraries</Filter>
    </ClInclude>
    <ClInclude Include="..\Libraries\FLUID_PROJECTION_METHOD.h">
      <Filter>Libraries</Filter>
    </ClInclude>
    <ClInclude Include="..\Libraries\ARRAY_ATOMIC.h">
      <Filter>Libraries\DATA_STRUCTURES</Filter>
    </ClInclude>
    <ClInclude Include="..\Libraries\GRID_UNIFORM_3D.h">
      <Filter>Libraries\DATA_STRUCTURES</Filter>
    </ClInclude>
    <ClInclude Include="..\Libraries\FIELD_DYNAMIC.h">
      <Filter>Libraries\DATA_STRUCTURES</Filter>
    </ClInclude>
    <ClInclude Include="..\Libraries\FIELD_BLOCK.h">
      <Filter>Libraries\DATA_STRUCTURES</Filter>
    </ClInclude>
  </ItemGroup>
</Project>